
Microsoft Visual Studio Solution File, Format Version 12.00
# Visual Studio Version 17
VisualStudioVersion = 17.13.35931.197 d17.13
MinimumVisualStudioVersion = 10.0.40219.1
Project("{FAE04EC0-301F-11D3-BF4B-00C04F79EFBC}") = "BookLibraryExam", "BookLibraryExam.csproj", "{E6C913F1-1A03-49FC-95CC-30D855BBD818}"
EndProject
Global
	GlobalSection(SolutionConfigurationPlatforms) = preSolution
		Debug|Any CPU = Debug|Any CPU
		Release|Any CPU = Release|Any CPU
	EndGlobalSection
	GlobalSection(ProjectConfigurationPlatforms) = postSolution
		{E6C913F1-1A03-49FC-95CC-30D855BBD818}.Debug|Any CPU.ActiveCfg = Debug|Any CPU
		{E6C913F1-1A03-49FC-95CC-30D855BBD818}.Debug|Any CPU.Build.0 = Debug|Any CPU
		{E6C913F1-1A03-49FC-95CC-30D855BBD818}.Release|Any CPU.ActiveCfg = Release|Any CPU
		{E6C913F1-1A03-49FC-95CC-30D855BBD818}.Release|Any CPU.Build.0 = Release|Any CPU
	EndGlobalSection
	GlobalSection(SolutionProperties) = preSolution
		HideSolutionNode = FALSE
	EndGlobalSection
	GlobalSection(ExtensibilityGlobals) = postSolution
		SolutionGuid = {2C147AD1-FAEA-4816-90F2-3BF253BCB8F0}
	EndGlobalSection
EndGlobal
